
Microsoft Visual Studio Solution File, Format Version 12.00
# Visual Studio 14
VisualStudioVersion = 14.0.25123.0
MinimumVisualStudioVersion = 10.0.40219.1
Project("{FAE04EC0-301F-11D3-BF4B-00C04F79EFBC}") = "MVCFilter", "MVCFilter\MVCFilter.csproj", "{B6869E83-9A00-4E60-8D13-39652C7633A0}"
EndProject
Project("{FAE04EC0-301F-11D3-BF4B-00C04F79EFBC}") = "MVCFilter.Tests", "MVCFilter.Tests\MVCFilter.Tests.csproj", "{40FA9BF7-83CC-442F-808A-08BD640ACCE2}"
EndProject
Project("{FAE04EC0-301F-11D3-BF4B-00C04F79EFBC}") = "SingleLinkList", "SingleLinkList\SingleLinkList.csproj", "{1DDCE554-C262-4BC8-93B4-FD0CEE5DAAFA}"
EndProject
Project("{FAE04EC0-301F-11D3-BF4B-00C04F79EFBC}") = "DoubleLinkList", "DoubleLinkList\DoubleLinkList.csproj", "{F3658C15-50E1-4971-829B-4FE9FEE0B263}"
EndProject
Project("{FAE04EC0-301F-11D3-BF4B-00C04F79EFBC}") = "test", "test\test.csproj", "{BCC1B7D7-D5A1-4E35-A136-7AABABFBBB81}"
EndProject
Global
	GlobalSection(SolutionConfigurationPlatforms) = preSolution
		Debug|Any CPU = Debug|Any CPU
		Release|Any CPU = Release|Any CPU
	EndGlobalSection
	GlobalSection(ProjectConfigurationPlatforms) = postSolution
		{B6869E83-9A00-4E60-8D13-39652C7633A0}.Debug|Any CPU.ActiveCfg = Debug|Any CPU
		{B6869E83-9A00-4E60-8D13-39652C7633A0}.Debug|Any CPU.Build.0 = Debug|Any CPU
		{B6869E83-9A00-4E60-8D13-39652C7633A0}.Release|Any CPU.ActiveCfg = Release|Any CPU
		{B6869E83-9A00-4E60-8D13-39652C7633A0}.Release|Any CPU.Build.0 = Release|Any CPU
		{40FA9BF7-83CC-442F-808A-08BD640ACCE2}.Debug|Any CPU.ActiveCfg = Debug|Any CPU
		{40FA9BF7-83CC-442F-808A-08BD640ACCE2}.Debug|Any CPU.Build.0 = Debug|Any CPU
		{40FA9BF7-83CC-442F-808A-08BD640ACCE2}.Release|Any CPU.ActiveCfg = Release|Any CPU
		{40FA9BF7-83CC-442F-808A-08BD640ACCE2}.Release|Any CPU.Build.0 = Release|Any CPU
		{1DDCE554-C262-4BC8-93B4-FD0CEE5DAAFA}.Debug|Any CPU.ActiveCfg = Debug|Any CPU
		{1DDCE554-C262-4BC8-93B4-FD0CEE5DAAFA}.Debug|Any CPU.Build.0 = Debug|Any CPU
		{1DDCE554-C262-4BC8-93B4-FD0CEE5DAAFA}.Release|Any CPU.ActiveCfg = Release|Any CPU
		{1DDCE554-C262-4BC8-93B4-FD0CEE5DAAFA}.Release|Any CPU.Build.0 = Release|Any CPU
		{F3658C15-50E1-4971-829B-4FE9FEE0B263}.Debug|Any CPU.ActiveCfg = Debug|Any CPU
		{F3658C15-50E1-4971-829B-4FE9FEE0B263}.Debug|Any CPU.Build.0 = Debug|Any CPU
		{F3658C15-50E1-4971-829B-4FE9FEE0B263}.Release|Any CPU.ActiveCfg = Release|Any CPU
		{F3658C15-50E1-4971-829B-4FE9FEE0B263}.Release|Any CPU.Build.0 = Release|Any CPU
		{BCC1B7D7-D5A1-4E35-A136-7AABABFBBB81}.Debug|Any CPU.ActiveCfg = Debug|Any CPU
		{BCC1B7D7-D5A1-4E35-A136-7AABABFBBB81}.Debug|Any CPU.Build.0 = Debug|Any CPU
		{BCC1B7D7-D5A1-4E35-A136-7AABABFBBB81}.Release|Any CPU.ActiveCfg = Release|Any CPU
		{BCC1B7D7-D5A1-4E35-A136-7AABABFBBB81}.Release|Any CPU.Build.0 = Release|Any CPU
	EndGlobalSection
	GlobalSection(SolutionProperties) = preSolution
		HideSolutionNode = FALSE
	EndGlobalSection
EndGlobal
